
Microsoft Visual Studio Solution File, Format Version 12.00
Project("{FAE04EC0-301F-11D3-BF4B-00C04F79EFBC}") = "DrugsShop", "DrugsShop\DrugsShop.csproj", "{80709F48-2E6F-4D03-983B-8C9C36851428}"
EndProject
Project("{FAE04EC0-301F-11D3-BF4B-00C04F79EFBC}") = "Domain", "Domain\Domain.csproj", "{7F52A19F-9E4B-407E-9023-EA9C0EA6198A}"
EndProject
Global
	GlobalSection(SolutionConfigurationPlatforms) = preSolution
		Debug|Any CPU = Debug|Any CPU
		Release|Any CPU = Release|Any CPU
	EndGlobalSection
	GlobalSection(ProjectConfigurationPlatforms) = postSolution
		{80709F48-2E6F-4D03-983B-8C9C36851428}.Debug|Any CPU.ActiveCfg = Debug|Any CPU
		{80709F48-2E6F-4D03-983B-8C9C36851428}.Debug|Any CPU.Build.0 = Debug|Any CPU
		{80709F48-2E6F-4D03-983B-8C9C36851428}.Release|Any CPU.ActiveCfg = Release|Any CPU
		{80709F48-2E6F-4D03-983B-8C9C36851428}.Release|Any CPU.Build.0 = Release|Any CPU
		{7F52A19F-9E4B-407E-9023-EA9C0EA6198A}.Debug|Any CPU.ActiveCfg = Debug|Any CPU
		{7F52A19F-9E4B-407E-9023-EA9C0EA6198A}.Debug|Any CPU.Build.0 = Debug|Any CPU
		{7F52A19F-9E4B-407E-9023-EA9C0EA6198A}.Release|Any CPU.ActiveCfg = Release|Any CPU
		{7F52A19F-9E4B-407E-9023-EA9C0EA6198A}.Release|Any CPU.Build.0 = Release|Any CPU
	EndGlobalSection
EndGlobal
